
Microsoft Visual Studio Solution File, Format Version 12.00
# Visual Studio 15
VisualStudioVersion = 15.0.27428.2037
MinimumVisualStudioVersion = 10.0.40219.1
Project("{FAE04EC0-301F-11D3-BF4B-00C04F79EFBC}") = "Data", "Data\Data.csproj", "{A0209154-6F2E-475A-8E8A-853EF77AAA57}"
Project("{FAE04EC0-301F-11D3-BF4B-00C04F79EFBC}") = "NovoProjeto", "NovoProjeto\NovoProjeto.csproj", "{013A1464-CDA9-46C7-A266-940E5FE7CD21}"
EndProject
Global
	GlobalSection(SolutionConfigurationPlatforms) = preSolution
		Debug|Any CPU = Debug|Any CPU
		Release|Any CPU = Release|Any CPU
	EndGlobalSection
	GlobalSection(ProjectConfigurationPlatforms) = postSolution
		{A0209154-6F2E-475A-8E8A-853EF77AAA57}.Debug|Any CPU.ActiveCfg = Debug|Any CPU
		{A0209154-6F2E-475A-8E8A-853EF77AAA57}.Debug|Any CPU.Build.0 = Debug|Any CPU
		{A0209154-6F2E-475A-8E8A-853EF77AAA57}.Release|Any CPU.ActiveCfg = Release|Any CPU
		{A0209154-6F2E-475A-8E8A-853EF77AAA57}.Release|Any CPU.Build.0 = Release|Any CPU
		{013A1464-CDA9-46C7-A266-940E5FE7CD21}.Debug|Any CPU.ActiveCfg = Debug|Any CPU
		{013A1464-CDA9-46C7-A266-940E5FE7CD21}.Debug|Any CPU.Build.0 = Debug|Any CPU
		{013A1464-CDA9-46C7-A266-940E5FE7CD21}.Release|Any CPU.ActiveCfg = Release|Any CPU
		{013A1464-CDA9-46C7-A266-940E5FE7CD21}.Release|Any CPU.Build.0 = Release|Any CPU
	EndGlobalSection
	GlobalSection(SolutionProperties) = preSolution
		HideSolutionNode = FALSE
	EndGlobalSection
	GlobalSection(ExtensibilityGlobals) = postSolution
		SolutionGuid = {BDFB6CF5-63AA-4E38-AE2F-D2D7144FB085}
	EndGlobalSection
EndGlobal
